// !$*UTF8*$!
{
	archiveVersion = 1;
	classes = {
	};
	objectVersion = 46;
	objects = {

/* Begin PBXBuildFile section */
		_LinkFileRef_FlatBuffersSwift_via_FlatBuffersSwiftTestSuite /* FlatBuffersSwift.framework in Frameworks */ = {isa = PBXBuildFile; fileRef = "_____Product_FlatBuffersSwift" /* FlatBuffersSwift.framework */; };
		__src_cc_ref_Sources/Configs.swift /* Configs.swift in Sources */ = {isa = PBXBuildFile; fileRef = __PBXFileRef_Sources/Configs.swift /* Configs.swift */; };
		__src_cc_ref_Sources/FlatBufferBuilder.swift /* FlatBufferBuilder.swift in Sources */ = {isa = PBXBuildFile; fileRef = __PBXFileRef_Sources/FlatBufferBuilder.swift /* FlatBufferBuilder.swift */; };
		__src_cc_ref_Sources/FlatBufferReader.swift /* FlatBufferReader.swift in Sources */ = {isa = PBXBuildFile; fileRef = __PBXFileRef_Sources/FlatBufferReader.swift /* FlatBufferReader.swift */; };
		__src_cc_ref_Sources/FlatBuffers.swift /* FlatBuffers.swift in Sources */ = {isa = PBXBuildFile; fileRef = __PBXFileRef_Sources/FlatBuffers.swift /* FlatBuffers.swift */; };
		__src_cc_ref_Sources/LazyVector.swift /* LazyVector.swift in Sources */ = {isa = PBXBuildFile; fileRef = __PBXFileRef_Sources/LazyVector.swift /* LazyVector.swift */; };
		__src_cc_ref_Tests/FlatBuffersPerformanceTestDesktop/bench.swift /* bench.swift in Sources */ = {isa = PBXBuildFile; fileRef = __PBXFileRef_Tests/FlatBuffersPerformanceTestDesktop/bench.swift /* bench.swift */; };
		__src_cc_ref_Tests/FlatBuffersPerformanceTestDesktop/bench_direct_access.swift /* bench_direct_access.swift in Sources */ = {isa = PBXBuildFile; fileRef = __PBXFileRef_Tests/FlatBuffersPerformanceTestDesktop/bench_direct_access.swift /* bench_direct_access.swift */; };
		__src_cc_ref_Tests/FlatBuffersPerformanceTestDesktop/flatbench.swift /* flatbench.swift in Sources */ = {isa = PBXBuildFile; fileRef = __PBXFileRef_Tests/FlatBuffersPerformanceTestDesktop/flatbench.swift /* flatbench.swift */; };
		__src_cc_ref_Tests/FlatBuffersPerformanceTestDesktop/main.swift /* main.swift in Sources */ = {isa = PBXBuildFile; fileRef = __PBXFileRef_Tests/FlatBuffersPerformanceTestDesktop/main.swift /* main.swift */; };
		__src_cc_ref_Tests/FlatBuffersSwift/FlatBuffersGeneratedAPITest.swift /* FlatBuffersGeneratedAPITest.swift in Sources */ = {isa = PBXBuildFile; fileRef = __PBXFileRef_Tests/FlatBuffersSwift/FlatBuffersGeneratedAPITest.swift /* FlatBuffersGeneratedAPITest.swift */; };
		__src_cc_ref_Tests/FlatBuffersSwift/FlatBuffersTests.swift /* FlatBuffersTests.swift in Sources */ = {isa = PBXBuildFile; fileRef = __PBXFileRef_Tests/FlatBuffersSwift/FlatBuffersTests.swift /* FlatBuffersTests.swift */; };
		__src_cc_ref_Tests/FlatBuffersSwift/LazyVectorAccessTests.swift /* LazyVectorAccessTests.swift in Sources */ = {isa = PBXBuildFile; fileRef = __PBXFileRef_Tests/FlatBuffersSwift/LazyVectorAccessTests.swift /* LazyVectorAccessTests.swift */; };
		__src_cc_ref_Tests/FlatBuffersSwift/contactList.swift /* contactList.swift in Sources */ = {isa = PBXBuildFile; fileRef = __PBXFileRef_Tests/FlatBuffersSwift/contactList.swift /* contactList.swift */; };
/* End PBXBuildFile section */

/* Begin PBXContainerItemProxy section */
		DCDEEDD81D45C25B0094E30C /* PBXContainerItemProxy */ = {
			isa = PBXContainerItemProxy;
			containerPortal = __RootObject_ /* Project object */;
			proxyType = 1;
			remoteGlobalIDString = "______Target_FlatBuffersSwift";
			remoteInfo = FlatBuffersSwift;
		};
/* End PBXContainerItemProxy section */

/* Begin PBXFileReference section */
		__PBXFileRef_FlatBuffersSwift.xcodeproj/Configs/Project.xcconfig /* Project.xcconfig */ = {isa = PBXFileReference; lastKnownFileType = text.xcconfig; name = Project.xcconfig; path = FlatBuffersSwift.xcodeproj/Configs/Project.xcconfig; sourceTree = "<group>"; };
		__PBXFileRef_FlatBuffersSwiftTestSuite_Info.plist /* FlatBuffersSwiftTestSuite_Info.plist */ = {isa = PBXFileReference; lastKnownFileType = text.plist.xml; name = FlatBuffersSwiftTestSuite_Info.plist; path = FlatBuffersSwift.xcodeproj/FlatBuffersSwiftTestSuite_Info.plist; sourceTree = SOURCE_ROOT; };
		__PBXFileRef_FlatBuffersSwift_Info.plist /* FlatBuffersSwift_Info.plist */ = {isa = PBXFileReference; lastKnownFileType = text.plist.xml; name = FlatBuffersSwift_Info.plist; path = FlatBuffersSwift.xcodeproj/FlatBuffersSwift_Info.plist; sourceTree = SOURCE_ROOT; };
		__PBXFileRef_Package.swift /* Package.swift */ = {isa = PBXFileReference; lastKnownFileType = sourcecode.swift; path = Package.swift; sourceTree = "<group>"; };
		__PBXFileRef_Sources/Configs.swift /* Configs.swift */ = {isa = PBXFileReference; lastKnownFileType = sourcecode.swift; path = Configs.swift; sourceTree = "<group>"; };
		__PBXFileRef_Sources/FlatBufferBuilder.swift /* FlatBufferBuilder.swift */ = {isa = PBXFileReference; lastKnownFileType = sourcecode.swift; path = FlatBufferBuilder.swift; sourceTree = "<group>"; };
		__PBXFileRef_Sources/FlatBufferReader.swift /* FlatBufferReader.swift */ = {isa = PBXFileReference; lastKnownFileType = sourcecode.swift; path = FlatBufferReader.swift; sourceTree = "<group>"; };
		__PBXFileRef_Sources/FlatBuffers.swift /* FlatBuffers.swift */ = {isa = PBXFileReference; lastKnownFileType = sourcecode.swift; path = FlatBuffers.swift; sourceTree = "<group>"; };
		__PBXFileRef_Sources/LazyVector.swift /* LazyVector.swift */ = {isa = PBXFileReference; lastKnownFileType = sourcecode.swift; path = LazyVector.swift; sourceTree = "<group>"; };
		__PBXFileRef_Tests/FlatBuffersPerformanceTestDesktop/bench.swift /* bench.swift */ = {isa = PBXFileReference; lastKnownFileType = sourcecode.swift; path = bench.swift; sourceTree = "<group>"; };
		__PBXFileRef_Tests/FlatBuffersPerformanceTestDesktop/bench_direct_access.swift /* bench_direct_access.swift */ = {isa = PBXFileReference; lastKnownFileType = sourcecode.swift; path = bench_direct_access.swift; sourceTree = "<group>"; };
		__PBXFileRef_Tests/FlatBuffersPerformanceTestDesktop/flatbench.swift /* flatbench.swift */ = {isa = PBXFileReference; lastKnownFileType = sourcecode.swift; path = flatbench.swift; sourceTree = "<group>"; };
		__PBXFileRef_Tests/FlatBuffersPerformanceTestDesktop/main.swift /* main.swift */ = {isa = PBXFileReference; lastKnownFileType = sourcecode.swift; path = main.swift; sourceTree = "<group>"; };
		__PBXFileRef_Tests/FlatBuffersSwift/FlatBuffersGeneratedAPITest.swift /* FlatBuffersGeneratedAPITest.swift */ = {isa = PBXFileReference; lastKnownFileType = sourcecode.swift; path = FlatBuffersGeneratedAPITest.swift; sourceTree = "<group>"; };
		__PBXFileRef_Tests/FlatBuffersSwift/FlatBuffersTests.swift /* FlatBuffersTests.swift */ = {isa = PBXFileReference; lastKnownFileType = sourcecode.swift; path = FlatBuffersTests.swift; sourceTree = "<group>"; };
		__PBXFileRef_Tests/FlatBuffersSwift/LazyVectorAccessTests.swift /* LazyVectorAccessTests.swift */ = {isa = PBXFileReference; lastKnownFileType = sourcecode.swift; path = LazyVectorAccessTests.swift; sourceTree = "<group>"; };
		__PBXFileRef_Tests/FlatBuffersSwift/contactList.swift /* contactList.swift */ = {isa = PBXFileReference; lastKnownFileType = sourcecode.swift; path = contactList.swift; sourceTree = "<group>"; };
		"_____Product_FlatBuffersPerformanceTestDesktopTestSuite" /* FlatBuffersPerformanceTestDesktopTestSuite.xctest */ = {isa = PBXFileReference; explicitFileType = wrapper.cfbundle; path = FlatBuffersPerformanceTestDesktopTestSuite.xctest; sourceTree = BUILT_PRODUCTS_DIR; };
		"_____Product_FlatBuffersSwift" /* FlatBuffersSwift.framework */ = {isa = PBXFileReference; explicitFileType = wrapper.framework; path = FlatBuffersSwift.framework; sourceTree = BUILT_PRODUCTS_DIR; };
		"_____Product_FlatBuffersSwiftTestSuite" /* FlatBuffersSwiftTestSuite.xctest */ = {isa = PBXFileReference; explicitFileType = wrapper.cfbundle; path = FlatBuffersSwiftTestSuite.xctest; sourceTree = BUILT_PRODUCTS_DIR; };
/* End PBXFileReference section */

/* Begin PBXFrameworksBuildPhase section */
		"___LinkPhase_FlatBuffersPerformanceTestDesktopTestSuite" /* Frameworks */ = {
			isa = PBXFrameworksBuildPhase;
			buildActionMask = 0;
			files = (
			);
			runOnlyForDeploymentPostprocessing = 0;
		};
		"___LinkPhase_FlatBuffersSwift" /* Frameworks */ = {
			isa = PBXFrameworksBuildPhase;
			buildActionMask = 0;
			files = (
			);
			runOnlyForDeploymentPostprocessing = 0;
		};
		"___LinkPhase_FlatBuffersSwiftTestSuite" /* Frameworks */ = {
			isa = PBXFrameworksBuildPhase;
			buildActionMask = 0;
			files = (
				_LinkFileRef_FlatBuffersSwift_via_FlatBuffersSwiftTestSuite /* FlatBuffersSwift.framework in Frameworks */,
			);
			runOnlyForDeploymentPostprocessing = 0;
		};
/* End PBXFrameworksBuildPhase section */

/* Begin PBXGroup section */
		TestProducts_ /* Tests */ = {
			isa = PBXGroup;
			children = (
				"_____Product_FlatBuffersPerformanceTestDesktopTestSuite" /* FlatBuffersPerformanceTestDesktopTestSuite.xctest */,
				"_____Product_FlatBuffersSwiftTestSuite" /* FlatBuffersSwiftTestSuite.xctest */,
			);
			name = Tests;
			sourceTree = "<group>";
		};
		"___RootGroup_" = {
			isa = PBXGroup;
			children = (
				__PBXFileRef_Package.swift /* Package.swift */,
				"_____Configs_" /* Configs */,
				"_____Sources_" /* Sources */,
				"_______Tests_" /* Tests */,
				"____Products_" /* Products */,
			);
			sourceTree = "<group>";
		};
		"____Products_" /* Products */ = {
			isa = PBXGroup;
			children = (
				TestProducts_ /* Tests */,
				"_____Product_FlatBuffersSwift" /* FlatBuffersSwift.framework */,
			);
			name = Products;
			sourceTree = "<group>";
		};
		"_____Configs_" /* Configs */ = {
			isa = PBXGroup;
			children = (
				__PBXFileRef_FlatBuffersSwift.xcodeproj/Configs/Project.xcconfig /* Project.xcconfig */,
			);
			name = Configs;
			sourceTree = "<group>";
		};
		"_____Sources_" /* Sources */ = {
			isa = PBXGroup;
			children = (
				"_______Group_FlatBuffersSwift" /* FlatBuffersSwift */,
			);
			name = Sources;
			sourceTree = "<group>";
		};
		"_______Group_FlatBuffersPerformanceTestDesktopTestSuite" /* FlatBuffersPerformanceTestDesktopTestSuite */ = {
			isa = PBXGroup;
			children = (
				__PBXFileRef_Tests/FlatBuffersPerformanceTestDesktop/bench.swift /* bench.swift */,
				__PBXFileRef_Tests/FlatBuffersPerformanceTestDesktop/bench_direct_access.swift /* bench_direct_access.swift */,
				__PBXFileRef_Tests/FlatBuffersPerformanceTestDesktop/flatbench.swift /* flatbench.swift */,
				__PBXFileRef_Tests/FlatBuffersPerformanceTestDesktop/main.swift /* main.swift */,
			);
			name = FlatBuffersPerformanceTestDesktopTestSuite;
			path = Tests/FlatBuffersPerformanceTestDesktop;
			sourceTree = "<group>";
		};
		"_______Group_FlatBuffersSwift" /* FlatBuffersSwift */ = {
			isa = PBXGroup;
			children = (
				__PBXFileRef_Sources/Configs.swift /* Configs.swift */,
				__PBXFileRef_Sources/FlatBufferBuilder.swift /* FlatBufferBuilder.swift */,
				__PBXFileRef_Sources/FlatBufferReader.swift /* FlatBufferReader.swift */,
				__PBXFileRef_Sources/FlatBuffers.swift /* FlatBuffers.swift */,
				__PBXFileRef_Sources/LazyVector.swift /* LazyVector.swift */,
				__PBXFileRef_FlatBuffersSwift_Info.plist /* FlatBuffersSwift_Info.plist */,
			);
			name = FlatBuffersSwift;
			path = Sources;
			sourceTree = "<group>";
		};
		"_______Group_FlatBuffersSwiftTestSuite" /* FlatBuffersSwiftTestSuite */ = {
			isa = PBXGroup;
			children = (
				__PBXFileRef_Tests/FlatBuffersSwift/contactList.swift /* contactList.swift */,
				__PBXFileRef_Tests/FlatBuffersSwift/FlatBuffersGeneratedAPITest.swift /* FlatBuffersGeneratedAPITest.swift */,
				__PBXFileRef_Tests/FlatBuffersSwift/FlatBuffersTests.swift /* FlatBuffersTests.swift */,
				__PBXFileRef_Tests/FlatBuffersSwift/LazyVectorAccessTests.swift /* LazyVectorAccessTests.swift */,
				__PBXFileRef_FlatBuffersSwiftTestSuite_Info.plist /* FlatBuffersSwiftTestSuite_Info.plist */,
			);
			name = FlatBuffersSwiftTestSuite;
			path = Tests/FlatBuffersSwift;
			sourceTree = "<group>";
		};
		"_______Tests_" /* Tests */ = {
			isa = PBXGroup;
			children = (
				"_______Group_FlatBuffersPerformanceTestDesktopTestSuite" /* FlatBuffersPerformanceTestDesktopTestSuite */,
				"_______Group_FlatBuffersSwiftTestSuite" /* FlatBuffersSwiftTestSuite */,
			);
			name = Tests;
			sourceTree = "<group>";
		};
/* End PBXGroup section */

/* Begin PBXNativeTarget section */
		"______Target_FlatBuffersPerformanceTestDesktopTestSuite" /* FlatBuffersPerformanceTestDesktopTestSuite */ = {
			isa = PBXNativeTarget;
			buildConfigurationList = "_______Confs_FlatBuffersPerformanceTestDesktopTestSuite" /* Build configuration list for PBXNativeTarget "FlatBuffersPerformanceTestDesktopTestSuite" */;
			buildPhases = (
				CompilePhase_FlatBuffersPerformanceTestDesktopTestSuite /* Sources */,
				"___LinkPhase_FlatBuffersPerformanceTestDesktopTestSuite" /* Frameworks */,
			);
			buildRules = (
			);
			dependencies = (
			);
			name = FlatBuffersPerformanceTestDesktopTestSuite;
			productName = FlatBuffersPerformanceTestDesktopTestSuite;
			productReference = "_____Product_FlatBuffersPerformanceTestDesktopTestSuite" /* FlatBuffersPerformanceTestDesktopTestSuite.xctest */;
			productType = "com.apple.product-type.bundle.unit-test";
		};
		"______Target_FlatBuffersSwift" /* FlatBuffersSwift */ = {
			isa = PBXNativeTarget;
			buildConfigurationList = "_______Confs_FlatBuffersSwift" /* Build configuration list for PBXNativeTarget "FlatBuffersSwift" */;
			buildPhases = (
				CompilePhase_FlatBuffersSwift /* Sources */,
				"___LinkPhase_FlatBuffersSwift" /* Frameworks */,
			);
			buildRules = (
			);
			dependencies = (
			);
			name = FlatBuffersSwift;
			productName = FlatBuffersSwift;
			productReference = "_____Product_FlatBuffersSwift" /* FlatBuffersSwift.framework */;
			productType = "com.apple.product-type.framework";
		};
		"______Target_FlatBuffersSwiftTestSuite" /* FlatBuffersSwiftTestSuite */ = {
			isa = PBXNativeTarget;
			buildConfigurationList = "_______Confs_FlatBuffersSwiftTestSuite" /* Build configuration list for PBXNativeTarget "FlatBuffersSwiftTestSuite" */;
			buildPhases = (
				CompilePhase_FlatBuffersSwiftTestSuite /* Sources */,
				"___LinkPhase_FlatBuffersSwiftTestSuite" /* Frameworks */,
			);
			buildRules = (
			);
			dependencies = (
				__Dependency_FlatBuffersSwift /* PBXTargetDependency */,
			);
			name = FlatBuffersSwiftTestSuite;
			productName = FlatBuffersSwiftTestSuite;
			productReference = "_____Product_FlatBuffersSwiftTestSuite" /* FlatBuffersSwiftTestSuite.xctest */;
			productType = "com.apple.product-type.bundle.unit-test";
		};
/* End PBXNativeTarget section */

/* Begin PBXProject section */
		__RootObject_ /* Project object */ = {
			isa = PBXProject;
			attributes = {
				LastUpgradeCheck = 9999;
				TargetAttributes = {
					"______Target_FlatBuffersPerformanceTestDesktopTestSuite" = {
						LastSwiftMigration = 0800;
					};
					"______Target_FlatBuffersSwift" = {
						LastSwiftMigration = 0800;
					};
					"______Target_FlatBuffersSwiftTestSuite" = {
						LastSwiftMigration = 0800;
					};
				};
			};
			buildConfigurationList = "___RootConfs_" /* Build configuration list for PBXProject "FlatBuffersSwift" */;
			compatibilityVersion = "Xcode 3.2";
			developmentRegion = English;
			hasScannedForEncodings = 0;
			knownRegions = (
				en,
			);
			mainGroup = "___RootGroup_";
			productRefGroup = "____Products_" /* Products */;
			projectDirPath = "";
			projectRoot = "";
			targets = (
				"______Target_FlatBuffersSwift" /* FlatBuffersSwift */,
				"______Target_FlatBuffersPerformanceTestDesktopTestSuite" /* FlatBuffersPerformanceTestDesktopTestSuite */,
				"______Target_FlatBuffersSwiftTestSuite" /* FlatBuffersSwiftTestSuite */,
			);
		};
/* End PBXProject section */

/* Begin PBXSourcesBuildPhase section */
		CompilePhase_FlatBuffersPerformanceTestDesktopTestSuite /* Sources */ = {
			isa = PBXSourcesBuildPhase;
			buildActionMask = 0;
			files = (
				__src_cc_ref_Tests/FlatBuffersPerformanceTestDesktop/bench.swift /* bench.swift in Sources */,
				__src_cc_ref_Tests/FlatBuffersPerformanceTestDesktop/bench_direct_access.swift /* bench_direct_access.swift in Sources */,
				__src_cc_ref_Tests/FlatBuffersPerformanceTestDesktop/flatbench.swift /* flatbench.swift in Sources */,
				__src_cc_ref_Tests/FlatBuffersPerformanceTestDesktop/main.swift /* main.swift in Sources */,
			);
			runOnlyForDeploymentPostprocessing = 0;
		};
		CompilePhase_FlatBuffersSwift /* Sources */ = {
			isa = PBXSourcesBuildPhase;
			buildActionMask = 0;
			files = (
				__src_cc_ref_Sources/Configs.swift /* Configs.swift in Sources */,
				__src_cc_ref_Sources/FlatBufferBuilder.swift /* FlatBufferBuilder.swift in Sources */,
				__src_cc_ref_Sources/FlatBufferReader.swift /* FlatBufferReader.swift in Sources */,
				__src_cc_ref_Sources/FlatBuffers.swift /* FlatBuffers.swift in Sources */,
				__src_cc_ref_Sources/LazyVector.swift /* LazyVector.swift in Sources */,
			);
			runOnlyForDeploymentPostprocessing = 0;
		};
		CompilePhase_FlatBuffersSwiftTestSuite /* Sources */ = {
			isa = PBXSourcesBuildPhase;
			buildActionMask = 0;
			files = (
				__src_cc_ref_Tests/FlatBuffersSwift/contactList.swift /* contactList.swift in Sources */,
				__src_cc_ref_Tests/FlatBuffersSwift/FlatBuffersGeneratedAPITest.swift /* FlatBuffersGeneratedAPITest.swift in Sources */,
				__src_cc_ref_Tests/FlatBuffersSwift/FlatBuffersTests.swift /* FlatBuffersTests.swift in Sources */,
				__src_cc_ref_Tests/FlatBuffersSwift/LazyVectorAccessTests.swift /* LazyVectorAccessTests.swift in Sources */,
			);
			runOnlyForDeploymentPostprocessing = 0;
		};
/* End PBXSourcesBuildPhase section */

/* Begin PBXTargetDependency section */
		__Dependency_FlatBuffersSwift /* PBXTargetDependency */ = {
			isa = PBXTargetDependency;
			target = "______Target_FlatBuffersSwift" /* FlatBuffersSwift */;
			targetProxy = DCDEEDD81D45C25B0094E30C /* PBXContainerItemProxy */;
		};
/* End PBXTargetDependency section */

/* Begin XCBuildConfiguration section */
		_ReleaseConf_FlatBuffersPerformanceTestDesktopTestSuite /* Release */ = {
			isa = XCBuildConfiguration;
			buildSettings = {
				EMBEDDED_CONTENT_CONTAINS_SWIFT = YES;
				FRAMEWORK_SEARCH_PATHS = "$(PLATFORM_DIR)/Developer/Library/Frameworks";
				INFOPLIST_FILE = FlatBuffersSwift.xcodeproj/FlatBuffersPerformanceTestDesktopTestSuite_Info.plist;
				LD_RUNPATH_SEARCH_PATHS = "@loader_path/../Frameworks";
				OTHER_LDFLAGS = "$(inherited)";
				OTHER_SWIFT_FLAGS = "$(inherited)";
				SWIFT_VERSION = 3.0;
			};
			name = Release;
		};
		_ReleaseConf_FlatBuffersSwift /* Release */ = {
			isa = XCBuildConfiguration;
			buildSettings = {
				ENABLE_TESTABILITY = YES;
				FRAMEWORK_SEARCH_PATHS = "$(PLATFORM_DIR)/Developer/Library/Frameworks";
				INFOPLIST_FILE = FlatBuffersSwift.xcodeproj/FlatBuffersSwift_Info.plist;
				LD_RUNPATH_SEARCH_PATHS = "$(TOOLCHAIN_DIR)/usr/lib/swift/macosx";
				OTHER_LDFLAGS = "$(inherited)";
				OTHER_SWIFT_FLAGS = "$(inherited)";
				PRODUCT_MODULE_NAME = "$(TARGET_NAME:c99extidentifier)";
				PRODUCT_NAME = "$(TARGET_NAME:c99extidentifier)";
				SWIFT_VERSION = 3.0;
			};
			name = Release;
		};
		_ReleaseConf_FlatBuffersSwiftTestSuite /* Release */ = {
			isa = XCBuildConfiguration;
			buildSettings = {
				EMBEDDED_CONTENT_CONTAINS_SWIFT = YES;
				FRAMEWORK_SEARCH_PATHS = "$(PLATFORM_DIR)/Developer/Library/Frameworks";
				INFOPLIST_FILE = FlatBuffersSwift.xcodeproj/FlatBuffersSwiftTestSuite_Info.plist;
				LD_RUNPATH_SEARCH_PATHS = "@loader_path/../Frameworks";
				OTHER_LDFLAGS = "$(inherited)";
				OTHER_SWIFT_FLAGS = "$(inherited)";
				SWIFT_VERSION = 3.0;
			};
			name = Release;
		};
		"___DebugConf_FlatBuffersPerformanceTestDesktopTestSuite" /* Debug */ = {
			isa = XCBuildConfiguration;
			buildSettings = {
				EMBEDDED_CONTENT_CONTAINS_SWIFT = YES;
				FRAMEWORK_SEARCH_PATHS = "$(PLATFORM_DIR)/Developer/Library/Frameworks";
				INFOPLIST_FILE = FlatBuffersSwift.xcodeproj/FlatBuffersPerformanceTestDesktopTestSuite_Info.plist;
				LD_RUNPATH_SEARCH_PATHS = "@loader_path/../Frameworks";
				OTHER_LDFLAGS = "$(inherited)";
				OTHER_SWIFT_FLAGS = "$(inherited)";
				SWIFT_OPTIMIZATION_LEVEL = "-Onone";
				SWIFT_VERSION = 3.0;
			};
			name = Debug;
		};
		"___DebugConf_FlatBuffersSwift" /* Debug */ = {
			isa = XCBuildConfiguration;
			buildSettings = {
				ENABLE_TESTABILITY = YES;
				FRAMEWORK_SEARCH_PATHS = "$(PLATFORM_DIR)/Developer/Library/Frameworks";
				INFOPLIST_FILE = FlatBuffersSwift.xcodeproj/FlatBuffersSwift_Info.plist;
				LD_RUNPATH_SEARCH_PATHS = "$(TOOLCHAIN_DIR)/usr/lib/swift/macosx";
				OTHER_LDFLAGS = "$(inherited)";
				OTHER_SWIFT_FLAGS = "$(inherited)";
				PRODUCT_MODULE_NAME = "$(TARGET_NAME:c99extidentifier)";
				PRODUCT_NAME = "$(TARGET_NAME:c99extidentifier)";
				SWIFT_OPTIMIZATION_LEVEL = "-Onone";
				SWIFT_VERSION = 3.0;
			};
			name = Debug;
		};
		"___DebugConf_FlatBuffersSwiftTestSuite" /* Debug */ = {
			isa = XCBuildConfiguration;
			buildSettings = {
				EMBEDDED_CONTENT_CONTAINS_SWIFT = YES;
				FRAMEWORK_SEARCH_PATHS = "$(PLATFORM_DIR)/Developer/Library/Frameworks";
				INFOPLIST_FILE = FlatBuffersSwift.xcodeproj/FlatBuffersSwiftTestSuite_Info.plist;
				LD_RUNPATH_SEARCH_PATHS = "@loader_path/../Frameworks";
				OTHER_LDFLAGS = "$(inherited)";
				OTHER_SWIFT_FLAGS = "$(inherited)";
				SWIFT_OPTIMIZATION_LEVEL = "-Onone";
				SWIFT_VERSION = 3.0;
			};
			name = Debug;
		};
		"_____Release_" /* Release */ = {
			isa = XCBuildConfiguration;
			baseConfigurationReference = __PBXFileRef_FlatBuffersSwift.xcodeproj/Configs/Project.xcconfig /* Project.xcconfig */;
			buildSettings = {
				SWIFT_VERSION = 3.0;
			};
			name = Release;
		};
		"_______Debug_" /* Debug */ = {
			isa = XCBuildConfiguration;
			baseConfigurationReference = __PBXFileRef_FlatBuffersSwift.xcodeproj/Configs/Project.xcconfig /* Project.xcconfig */;
			buildSettings = {
				SWIFT_VERSION = 3.0;
			};
			name = Debug;
		};
/* End XCBuildConfiguration section */

/* Begin XCConfigurationList section */
		"___RootConfs_" /* Build configuration list for PBXProject "FlatBuffersSwift" */ = {
			isa = XCConfigurationList;
			buildConfigurations = (
				"_______Debug_" /* Debug */,
				"_____Release_" /* Release */,
			);
			defaultConfigurationIsVisible = 0;
			defaultConfigurationName = Debug;
		};
		"_______Confs_FlatBuffersPerformanceTestDesktopTestSuite" /* Build configuration list for PBXNativeTarget "FlatBuffersPerformanceTestDesktopTestSuite" */ = {
			isa = XCConfigurationList;
			buildConfigurations = (
				"___DebugConf_FlatBuffersPerformanceTestDesktopTestSuite" /* Debug */,
				_ReleaseConf_FlatBuffersPerformanceTestDesktopTestSuite /* Release */,
			);
			defaultConfigurationIsVisible = 0;
			defaultConfigurationName = Debug;
		};
		"_______Confs_FlatBuffersSwift" /* Build configuration list for PBXNativeTarget "FlatBuffersSwift" */ = {
			isa = XCConfigurationList;
			buildConfigurations = (
				"___DebugConf_FlatBuffersSwift" /* Debug */,
				_ReleaseConf_FlatBuffersSwift /* Release */,
			);
			defaultConfigurationIsVisible = 0;
			defaultConfigurationName = Debug;
		};
		"_______Confs_FlatBuffersSwiftTestSuite" /* Build configuration list for PBXNativeTarget "FlatBuffersSwiftTestSuite" */ = {
			isa = XCConfigurationList;
			buildConfigurations = (
				"___DebugConf_FlatBuffersSwiftTestSuite" /* Debug */,
				_ReleaseConf_FlatBuffersSwiftTestSuite /* Release */,
			);
			defaultConfigurationIsVisible = 0;
			defaultConfigurationName = Debug;
		};
/* End XCConfigurationList section */
	};
	rootObject = __RootObject_ /* Project object */;
}
